// !$*UTF8*$!
{
	archiveVersion = 1;
	classes = {
	};
	objectVersion = 56;
	objects = {

/* Begin PBXBuildFile section */
		D55961EA2BA356FF00BB9110 /* SliderVC.swift in Sources */ = {isa = PBXBuildFile; fileRef = D55961E92BA356FF00BB9110 /* SliderVC.swift */; };
		D559C6AE2BA591180048B6AA /* CircularSlider.swift in Sources */ = {isa = PBXBuildFile; fileRef = D559C6A92BA591180048B6AA /* CircularSlider.swift */; };
		D559C6B02BA591180048B6AA /* CircularSlider+Draw.swift in Sources */ = {isa = PBXBuildFile; fileRef = D559C6AB2BA591180048B6AA /* CircularSlider+Draw.swift */; };
		D559C6B12BA591180048B6AA /* CircularSliderHelper.swift in Sources */ = {isa = PBXBuildFile; fileRef = D559C6AC2BA591180048B6AA /* CircularSliderHelper.swift */; };
		D59952822BA2169C004D1ED4 /* AppDelegate.swift in Sources */ = {isa = PBXBuildFile; fileRef = D59952812BA2169C004D1ED4 /* AppDelegate.swift */; };
		D59952842BA2169C004D1ED4 /* SceneDelegate.swift in Sources */ = {isa = PBXBuildFile; fileRef = D59952832BA2169C004D1ED4 /* SceneDelegate.swift */; };
		D59952862BA2169C004D1ED4 /* ViewController.swift in Sources */ = {isa = PBXBuildFile; fileRef = D59952852BA2169C004D1ED4 /* ViewController.swift */; };
		D59952892BA2169C004D1ED4 /* Main.storyboard in Resources */ = {isa = PBXBuildFile; fileRef = D59952872BA2169C004D1ED4 /* Main.storyboard */; };
		D599528B2BA2169E004D1ED4 /* Assets.xcassets in Resources */ = {isa = PBXBuildFile; fileRef = D599528A2BA2169E004D1ED4 /* Assets.xcassets */; };
		D599528E2BA2169E004D1ED4 /* LaunchScreen.storyboard in Resources */ = {isa = PBXBuildFile; fileRef = D599528C2BA2169E004D1ED4 /* LaunchScreen.storyboard */; };
/* End PBXBuildFile section */

/* Begin PBXFileReference section */
		D55961E92BA356FF00BB9110 /* SliderVC.swift */ = {isa = PBXFileReference; lastKnownFileType = sourcecode.swift; path = SliderVC.swift; sourceTree = "<group>"; };
		D559C6A92BA591180048B6AA /* CircularSlider.swift */ = {isa = PBXFileReference; fileEncoding = 4; lastKnownFileType = sourcecode.swift; path = CircularSlider.swift; sourceTree = "<group>"; };
		D559C6AB2BA591180048B6AA /* CircularSlider+Draw.swift */ = {isa = PBXFileReference; fileEncoding = 4; lastKnownFileType = sourcecode.swift; path = "CircularSlider+Draw.swift"; sourceTree = "<group>"; };
		D559C6AC2BA591180048B6AA /* CircularSliderHelper.swift */ = {isa = PBXFileReference; fileEncoding = 4; lastKnownFileType = sourcecode.swift; path = CircularSliderHelper.swift; sourceTree = "<group>"; };
		D599527E2BA2169C004D1ED4 /* Circular Slider learning.app */ = {isa = PBXFileReference; explicitFileType = wrapper.application; includeInIndex = 0; path = "Circular Slider learning.app"; sourceTree = BUILT_PRODUCTS_DIR; };
		D59952812BA2169C004D1ED4 /* AppDelegate.swift */ = {isa = PBXFileReference; lastKnownFileType = sourcecode.swift; path = AppDelegate.swift; sourceTree = "<group>"; };
		D59952832BA2169C004D1ED4 /* SceneDelegate.swift */ = {isa = PBXFileReference; lastKnownFileType = sourcecode.swift; path = SceneDelegate.swift; sourceTree = "<group>"; };
		D59952852BA2169C004D1ED4 /* ViewController.swift */ = {isa = PBXFileReference; lastKnownFileType = sourcecode.swift; path = ViewController.swift; sourceTree = "<group>"; };
		D59952882BA2169C004D1ED4 /* Base */ = {isa = PBXFileReference; lastKnownFileType = file.storyboard; name = Base; path = Base.lproj/Main.storyboard; sourceTree = "<group>"; };
		D599528A2BA2169E004D1ED4 /* Assets.xcassets */ = {isa = PBXFileReference; lastKnownFileType = folder.assetcatalog; path = Assets.xcassets; sourceTree = "<group>"; };
		D599528D2BA2169E004D1ED4 /* Base */ = {isa = PBXFileReference; lastKnownFileType = file.storyboard; name = Base; path = Base.lproj/LaunchScreen.storyboard; sourceTree = "<group>"; };
		D599528F2BA2169E004D1ED4 /* Info.plist */ = {isa = PBXFileReference; lastKnownFileType = text.plist.xml; path = Info.plist; sourceTree = "<group>"; };
/* End PBXFileReference section */

/* Begin PBXFrameworksBuildPhase section */
		D599527B2BA2169C004D1ED4 /* Frameworks */ = {
			isa = PBXFrameworksBuildPhase;
			buildActionMask = 2147483647;
			files = (
			);
			runOnlyForDeploymentPostprocessing = 0;
		};
/* End PBXFrameworksBuildPhase section */

/* Begin PBXGroup section */
		D559C6A82BA584A80048B6AA /* Circular Slider */ = {
			isa = PBXGroup;
			children = (
				D559C6A92BA591180048B6AA /* CircularSlider.swift */,
				D559C6AB2BA591180048B6AA /* CircularSlider+Draw.swift */,
				D559C6AC2BA591180048B6AA /* CircularSliderHelper.swift */,
			);
			path = "Circular Slider";
			sourceTree = "<group>";
		};
		D59952752BA2169C004D1ED4 = {
			isa = PBXGroup;
			children = (
				D59952802BA2169C004D1ED4 /* Circular Slider learning */,
				D599527F2BA2169C004D1ED4 /* Products */,
			);
			sourceTree = "<group>";
		};
		D599527F2BA2169C004D1ED4 /* Products */ = {
			isa = PBXGroup;
			children = (
				D599527E2BA2169C004D1ED4 /* Circular Slider learning.app */,
			);
			name = Products;
			sourceTree = "<group>";
		};
		D59952802BA2169C004D1ED4 /* Circular Slider learning */ = {
			isa = PBXGroup;
			children = (
				D559C6A82BA584A80048B6AA /* Circular Slider */,
				D55961E92BA356FF00BB9110 /* SliderVC.swift */,
				D59952812BA2169C004D1ED4 /* AppDelegate.swift */,
				D59952832BA2169C004D1ED4 /* SceneDelegate.swift */,
				D59952852BA2169C004D1ED4 /* ViewController.swift */,
				D59952872BA2169C004D1ED4 /* Main.storyboard */,
				D599528A2BA2169E004D1ED4 /* Assets.xcassets */,
				D599528C2BA2169E004D1ED4 /* LaunchScreen.storyboard */,
				D599528F2BA2169E004D1ED4 /* Info.plist */,
			);
			path = "Circular Slider learning";
			sourceTree = "<group>";
		};
/* End PBXGroup section */

/* Begin PBXNativeTarget section */
		D599527D2BA2169C004D1ED4 /* Circular Slider learning */ = {
			isa = PBXNativeTarget;
			buildConfigurationList = D59952922BA2169E004D1ED4 /* Build configuration list for PBXNativeTarget "Circular Slider learning" */;
			buildPhases = (
				D599527A2BA2169C004D1ED4 /* Sources */,
				D599527B2BA2169C004D1ED4 /* Frameworks */,
				D599527C2BA2169C004D1ED4 /* Resources */,
			);
			buildRules = (
			);
			dependencies = (
			);
			name = "Circular Slider learning";
			productName = "Circular Slider learning";
			productReference = D599527E2BA2169C004D1ED4 /* Circular Slider learning.app */;
			productType = "com.apple.product-type.application";
		};
/* End PBXNativeTarget section */

/* Begin PBXProject section */
		D59952762BA2169C004D1ED4 /* Project object */ = {
			isa = PBXProject;
			attributes = {
				BuildIndependentTargetsInParallel = 1;
				LastSwiftUpdateCheck = 1520;
				LastUpgradeCheck = 1520;
				TargetAttributes = {
					D599527D2BA2169C004D1ED4 = {
						CreatedOnToolsVersion = 15.2;
					};
				};
			};
			buildConfigurationList = D59952792BA2169C004D1ED4 /* Build configuration list for PBXProject "Circular Slider learning" */;
			compatibilityVersion = "Xcode 14.0";
			developmentRegion = en;
			hasScannedForEncodings = 0;
			knownRegions = (
				en,
				Base,
			);
			mainGroup = D59952752BA2169C004D1ED4;
			productRefGroup = D599527F2BA2169C004D1ED4 /* Products */;
			projectDirPath = "";
			projectRoot = "";
			targets = (
				D599527D2BA2169C004D1ED4 /* Circular Slider learning */,
			);
		};
/* End PBXProject section */

/* Begin PBXResourcesBuildPhase section */
		D599527C2BA2169C004D1ED4 /* Resources */ = {
			isa = PBXResourcesBuildPhase;
			buildActionMask = 2147483647;
			files = (
				D599528E2BA2169E004D1ED4 /* LaunchScreen.storyboard in Resources */,
				D599528B2BA2169E004D1ED4 /* Assets.xcassets in Resources */,
				D59952892BA2169C004D1ED4 /* Main.storyboard in Resources */,
			);
			runOnlyForDeploymentPostprocessing = 0;
		};
/* End PBXResourcesBuildPhase section */

/* Begin PBXSourcesBuildPhase section */
		D599527A2BA2169C004D1ED4 /* Sources */ = {
			isa = PBXSourcesBuildPhase;
			buildActionMask = 2147483647;
			files = (
				D59952862BA2169C004D1ED4 /* ViewController.swift in Sources */,
				D55961EA2BA356FF00BB9110 /* SliderVC.swift in Sources */,
				D59952822BA2169C004D1ED4 /* AppDelegate.swift in Sources */,
				D59952842BA2169C004D1ED4 /* SceneDelegate.swift in Sources */,
				D559C6B02BA591180048B6AA /* CircularSlider+Draw.swift in Sources */,
				D559C6AE2BA591180048B6AA /* CircularSlider.swift in Sources */,
				D559C6B12BA591180048B6AA /* CircularSliderHelper.swift in Sources */,
			);
			runOnlyForDeploymentPostprocessing = 0;
		};
/* End PBXSourcesBuildPhase section */

/* Begin PBXVariantGroup section */
		D59952872BA2169C004D1ED4 /* Main.storyboard */ = {
			isa = PBXVariantGroup;
			children = (
				D59952882BA2169C004D1ED4 /* Base */,
			);
			name = Main.storyboard;
			sourceTree = "<group>";
		};
		D599528C2BA2169E004D1ED4 /* LaunchScreen.storyboard */ = {
			isa = PBXVariantGroup;
			children = (
				D599528D2BA2169E004D1ED4 /* Base */,
			);
			name = LaunchScreen.storyboard;
			sourceTree = "<group>";
		};
/* End PBXVariantGroup section */

/* Begin XCBuildConfiguration section */
		D59952902BA2169E004D1ED4 /* Debug */ = {
			isa = XCBuildConfiguration;
			buildSettings = {
				ALWAYS_SEARCH_USER_PATHS = NO;
				ASSETCATALOG_COMPILER_GENERATE_SWIFT_ASSET_SYMBOL_EXTENSIONS = YES;
				CLANG_ANALYZER_NONNULL = YES;
				CLANG_ANALYZER_NUMBER_OBJECT_CONVERSION = YES_AGGRESSIVE;
				CLANG_CXX_LANGUAGE_STANDARD = "gnu++20";
				CLANG_ENABLE_MODULES = YES;
				CLANG_ENABLE_OBJC_ARC = YES;
				CLANG_ENABLE_OBJC_WEAK = YES;
				CLANG_WARN_BLOCK_CAPTURE_AUTORELEASING = YES;
				CLANG_WARN_BOOL_CONVERSION = YES;
				CLANG_WARN_COMMA = YES;
				CLANG_WARN_CONSTANT_CONVERSION = YES;
				CLANG_WARN_DEPRECATED_OBJC_IMPLEMENTATIONS = YES;
				CLANG_WARN_DIRECT_OBJC_ISA_USAGE = YES_ERROR;
				CLANG_WARN_DOCUMENTATION_COMMENTS = YES;
				CLANG_WARN_EMPTY_BODY = YES;
				CLANG_WARN_ENUM_CONVERSION = YES;
				CLANG_WARN_INFINITE_RECURSION = YES;
				CLANG_WARN_INT_CONVERSION = YES;
				CLANG_WARN_NON_LITERAL_NULL_CONVERSION = YES;
				CLANG_WARN_OBJC_IMPLICIT_RETAIN_SELF = YES;
				CLANG_WARN_OBJC_LITERAL_CONVERSION = YES;
				CLANG_WARN_OBJC_ROOT_CLASS = YES_ERROR;
				CLANG_WARN_QUOTED_INCLUDE_IN_FRAMEWORK_HEADER = YES;
				CLANG_WARN_RANGE_LOOP_ANALYSIS = YES;
				CLANG_WARN_STRICT_PROTOTYPES = YES;
				CLANG_WARN_SUSPICIOUS_MOVE = YES;
				CLANG_WARN_UNGUARDED_AVAILABILITY = YES_AGGRESSIVE;
				CLANG_WARN_UNREACHABLE_CODE = YES;
				CLANG_WARN__DUPLICATE_METHOD_MATCH = YES;
				COPY_PHASE_STRIP = NO;
				DEBUG_INFORMATION_FORMAT = dwarf;
				ENABLE_STRICT_OBJC_MSGSEND = YES;
				ENABLE_TESTABILITY = YES;
				ENABLE_USER_SCRIPT_SANDBOXING = YES;
				GCC_C_LANGUAGE_STANDARD = gnu17;
				GCC_DYNAMIC_NO_PIC = NO;
				GCC_NO_COMMON_BLOCKS = YES;
				GCC_OPTIMIZATION_LEVEL = 0;
				GCC_PREPROCESSOR_DEFINITIONS = (
					"DEBUG=1",
					"$(inherited)",
				);
				GCC_WARN_64_TO_32_BIT_CONVERSION = YES;
				GCC_WARN_ABOUT_RETURN_TYPE = YES_ERROR;
				GCC_WARN_UNDECLARED_SELECTOR = YES;
				GCC_WARN_UNINITIALIZED_AUTOS = YES_AGGRESSIVE;
				GCC_WARN_UNUSED_FUNCTION = YES;
				GCC_WARN_UNUSED_VARIABLE = YES;
				IPHONEOS_DEPLOYMENT_TARGET = 17.2;
				LOCALIZATION_PREFERS_STRING_CATALOGS = YES;
				MTL_ENABLE_DEBUG_INFO = INCLUDE_SOURCE;
				MTL_FAST_MATH = YES;
				ONLY_ACTIVE_ARCH = YES;
				SDKROOT = iphoneos;
				SWIFT_ACTIVE_COMPILATION_CONDITIONS = "DEBUG $(inherited)";
				SWIFT_OPTIMIZATION_LEVEL = "-Onone";
			};
			name = Debug;
		};
		D59952912BA2169E004D1ED4 /* Release */ = {
			isa = XCBuildConfiguration;
			buildSettings = {
				ALWAYS_SEARCH_USER_PATHS = NO;
				ASSETCATALOG_COMPILER_GENERATE_SWIFT_ASSET_SYMBOL_EXTENSIONS = YES;
				CLANG_ANALYZER_NONNULL = YES;
				CLANG_ANALYZER_NUMBER_OBJECT_CONVERSION = YES_AGGRESSIVE;
				CLANG_CXX_LANGUAGE_STANDARD = "gnu++20";
				CLANG_ENABLE_MODULES = YES;
				CLANG_ENABLE_OBJC_ARC = YES;
				CLANG_ENABLE_OBJC_WEAK = YES;
				CLANG_WARN_BLOCK_CAPTURE_AUTORELEASING = YES;
				CLANG_WARN_BOOL_CONVERSION = YES;
				CLANG_WARN_COMMA = YES;
				CLANG_WARN_CONSTANT_CONVERSION = YES;
				CLANG_WARN_DEPRECATED_OBJC_IMPLEMENTATIONS = YES;
				CLANG_WARN_DIRECT_OBJC_ISA_USAGE = YES_ERROR;
				CLANG_WARN_DOCUMENTATION_COMMENTS = YES;
				CLANG_WARN_EMPTY_BODY = YES;
				CLANG_WARN_ENUM_CONVERSION = YES;
				CLANG_WARN_INFINITE_RECURSION = YES;
				CLANG_WARN_INT_CONVERSION = YES;
				CLANG_WARN_NON_LITERAL_NULL_CONVERSION = YES;
				CLANG_WARN_OBJC_IMPLICIT_RETAIN_SELF = YES;
				CLANG_WARN_OBJC_LITERAL_CONVERSION = YES;
				CLANG_WARN_OBJC_ROOT_CLASS = YES_ERROR;
				CLANG_WARN_QUOTED_INCLUDE_IN_FRAMEWORK_HEADER = YES;
				CLANG_WARN_RANGE_LOOP_ANALYSIS = YES;
				CLANG_WARN_STRICT_PROTOTYPES = YES;
				CLANG_WARN_SUSPICIOUS_MOVE = YES;
				CLANG_WARN_UNGUARDED_AVAILABILITY = YES_AGGRESSIVE;
				CLANG_WARN_UNREACHABLE_CODE = YES;
				CLANG_WARN__DUPLICATE_METHOD_MATCH = YES;
				COPY_PHASE_STRIP = NO;
				DEBUG_INFORMATION_FORMAT = "dwarf-with-dsym";
				ENABLE_NS_ASSERTIONS = NO;
				ENABLE_STRICT_OBJC_MSGSEND = YES;
				ENABLE_USER_SCRIPT_SANDBOXING = YES;
				GCC_C_LANGUAGE_STANDARD = gnu17;
				GCC_NO_COMMON_BLOCKS = YES;
				GCC_WARN_64_TO_32_BIT_CONVERSION = YES;
				GCC_WARN_ABOUT_RETURN_TYPE = YES_ERROR;
				GCC_WARN_UNDECLARED_SELECTOR = YES;
				GCC_WARN_UNINITIALIZED_AUTOS = YES_AGGRESSIVE;
				GCC_WARN_UNUSED_FUNCTION = YES;
				GCC_WARN_UNUSED_VARIABLE = YES;
				IPHONEOS_DEPLOYMENT_TARGET = 17.2;
				LOCALIZATION_PREFERS_STRING_CATALOGS = YES;
				MTL_ENABLE_DEBUG_INFO = NO;
				MTL_FAST_MATH = YES;
				SDKROOT = iphoneos;
				SWIFT_COMPILATION_MODE = wholemodule;
				VALIDATE_PRODUCT = YES;
			};
			name = Release;
		};
		D59952932BA2169E004D1ED4 /* Debug */ = {
			isa = XCBuildConfiguration;
			buildSettings = {
				ASSETCATALOG_COMPILER_APPICON_NAME = AppIcon;
				ASSETCATALOG_COMPILER_GLOBAL_ACCENT_COLOR_NAME = AccentColor;
				CODE_SIGN_STYLE = Automatic;
				CURRENT_PROJECT_VERSION = 1;
				DEVELOPMENT_TEAM = R68899WMH5;
				GENERATE_INFOPLIST_FILE = YES;
				INFOPLIST_FILE = "Circular Slider learning/Info.plist";
				INFOPLIST_KEY_UIApplicationSupportsIndirectInputEvents = YES;
				INFOPLIST_KEY_UILaunchStoryboardName = LaunchScreen;
				INFOPLIST_KEY_UIMainStoryboardFile = Main;
				INFOPLIST_KEY_UISupportedInterfaceOrientations_iPad = "UIInterfaceOrientationPortrait UIInterfaceOrientationPortraitUpsideDown UIInterfaceOrientationLandscapeLeft UIInterfaceOrientationLandscapeRight";
				INFOPLIST_KEY_UISupportedInterfaceOrientations_iPhone = "UIInterfaceOrientationPortrait UIInterfaceOrientationLandscapeLeft UIInterfaceOrientationLandscapeRight";
				IPHONEOS_DEPLOYMENT_TARGET = 16.0;
				LD_RUNPATH_SEARCH_PATHS = (
					"$(inherited)",
					"@executable_path/Frameworks",
				);
				MARKETING_VERSION = 1.0;
				PRODUCT_BUNDLE_IDENTIFIER = "testApp.com.Circular-Slider-learning";
				PRODUCT_NAME = "$(TARGET_NAME)";
				SWIFT_EMIT_LOC_STRINGS = YES;
				SWIFT_VERSION = 5.0;
				TARGETED_DEVICE_FAMILY = "1,2";
			};
			name = Debug;
		};
		D59952942BA2169E004D1ED4 /* Release */ = {
			isa = XCBuildConfiguration;
			buildSettings = {
				ASSETCATALOG_COMPILER_APPICON_NAME = AppIcon;
				ASSETCATALOG_COMPILER_GLOBAL_ACCENT_COLOR_NAME = AccentColor;
				CODE_SIGN_STYLE = Automatic;
				CURRENT_PROJECT_VERSION = 1;
				DEVELOPMENT_TEAM = R68899WMH5;
				GENERATE_INFOPLIST_FILE = YES;
				INFOPLIST_FILE = "Circular Slider learning/Info.plist";
				INFOPLIST_KEY_UIApplicationSupportsIndirectInputEvents = YES;
				INFOPLIST_KEY_UILaunchStoryboardName = LaunchScreen;
				INFOPLIST_KEY_UIMainStoryboardFile = Main;
				INFOPLIST_KEY_UISupportedInterfaceOrientations_iPad = "UIInterfaceOrientationPortrait UIInterfaceOrientationPortraitUpsideDown UIInterfaceOrientationLandscapeLeft UIInterfaceOrientationLandscapeRight";
				INFOPLIST_KEY_UISupportedInterfaceOrientations_iPhone = "UIInterfaceOrientationPortrait UIInterfaceOrientationLandscapeLeft UIInterfaceOrientationLandscapeRight";
				IPHONEOS_DEPLOYMENT_TARGET = 16.0;
				LD_RUNPATH_SEARCH_PATHS = (
					"$(inherited)",
					"@executable_path/Frameworks",
				);
				MARKETING_VERSION = 1.0;
				PRODUCT_BUNDLE_IDENTIFIER = "testApp.com.Circular-Slider-learning";
				PRODUCT_NAME = "$(TARGET_NAME)";
				SWIFT_EMIT_LOC_STRINGS = YES;
				SWIFT_VERSION = 5.0;
				TARGETED_DEVICE_FAMILY = "1,2";
			};
			name = Release;
		};
/* End XCBuildConfiguration section */

/* Begin XCConfigurationList section */
		D59952792BA2169C004D1ED4 /* Build configuration list for PBXProject "Circular Slider learning" */ = {
			isa = XCConfigurationList;
			buildConfigurations = (
				D59952902BA2169E004D1ED4 /* Debug */,
				D59952912BA2169E004D1ED4 /* Release */,
			);
			defaultConfigurationIsVisible = 0;
			defaultConfigurationName = Release;
		};
		D59952922BA2169E004D1ED4 /* Build configuration list for PBXNativeTarget "Circular Slider learning" */ = {
			isa = XCConfigurationList;
			buildConfigurations = (
				D59952932BA2169E004D1ED4 /* Debug */,
				D59952942BA2169E004D1ED4 /* Release */,
			);
			defaultConfigurationIsVisible = 0;
			defaultConfigurationName = Release;
		};
/* End XCConfigurationList section */
	};
	rootObject = D59952762BA2169C004D1ED4 /* Project object */;
}
